
Microsoft Visual Studio Solution File, Format Version 12.00
# Visual Studio 15
VisualStudioVersion = 15.0.27428.2043
MinimumVisualStudioVersion = 10.0.40219.1
Project("{FAE04EC0-301F-11D3-BF4B-00C04F79EFBC}") = "Fidelitas.NoSql.PrimerEjemplo", "Fidelitas.NoSql.PrimerEjemplo\Fidelitas.NoSql.PrimerEjemplo.csproj", "{896AC4CC-DFC3-431C-BA2F-553211C04CC1}"
EndProject
Global
	GlobalSection(SolutionConfigurationPlatforms) = preSolution
		Debug|Any CPU = Debug|Any CPU
		Release|Any CPU = Release|Any CPU
	EndGlobalSection
	GlobalSection(ProjectConfigurationPlatforms) = postSolution
		{896AC4CC-DFC3-431C-BA2F-553211C04CC1}.Debug|Any CPU.ActiveCfg = Debug|Any CPU
		{896AC4CC-DFC3-431C-BA2F-553211C04CC1}.Debug|Any CPU.Build.0 = Debug|Any CPU
		{896AC4CC-DFC3-431C-BA2F-553211C04CC1}.Release|Any CPU.ActiveCfg = Release|Any CPU
		{896AC4CC-DFC3-431C-BA2F-553211C04CC1}.Release|Any CPU.Build.0 = Release|Any CPU
	EndGlobalSection
	GlobalSection(SolutionProperties) = preSolution
		HideSolutionNode = FALSE
	EndGlobalSection
	GlobalSection(ExtensibilityGlobals) = postSolution
		SolutionGuid = {8ADDE4A9-53A9-481E-9A12-F52A3AFA4FBA}
	EndGlobalSection
EndGlobal
